
Microsoft Visual Studio Solution File, Format Version 12.00
# Visual Studio Version 17
VisualStudioVersion = 17.3.32804.467
MinimumVisualStudioVersion = 10.0.40219.1
Project("{FAE04EC0-301F-11D3-BF4B-00C04F79EFBC}") = "Tapudb", "Tapudb\Tapudb.csproj", "{75AF1631-D93C-4135-AF01-21D88B1B9C9B}"
EndProject
Global
	GlobalSection(SolutionConfigurationPlatforms) = preSolution
		Debug|Any CPU = Debug|Any CPU
		Release|Any CPU = Release|Any CPU
	EndGlobalSection
	GlobalSection(ProjectConfigurationPlatforms) = postSolution
		{75AF1631-D93C-4135-AF01-21D88B1B9C9B}.Debug|Any CPU.ActiveCfg = Debug|Any CPU
		{75AF1631-D93C-4135-AF01-21D88B1B9C9B}.Debug|Any CPU.Build.0 = Debug|Any CPU
		{75AF1631-D93C-4135-AF01-21D88B1B9C9B}.Release|Any CPU.ActiveCfg = Release|Any CPU
		{75AF1631-D93C-4135-AF01-21D88B1B9C9B}.Release|Any CPU.Build.0 = Release|Any CPU
	EndGlobalSection
	GlobalSection(SolutionProperties) = preSolution
		HideSolutionNode = FALSE
	EndGlobalSection
	GlobalSection(ExtensibilityGlobals) = postSolution
		SolutionGuid = {DF427C92-5DD3-4EA5-BC89-30FAB42E4637}
	EndGlobalSection
EndGlobal
